
Microsoft Visual Studio Solution File, Format Version 12.00
# Visual Studio Version 17
VisualStudioVersion = 17.10.35122.118
MinimumVisualStudioVersion = 10.0.40219.1
Project("{9A19103F-16F7-4668-BE54-9A1E7A4F7556}") = "EdfBrowser.App", "EdfBrowser.App\EdfBrowser.App.csproj", "{F8292EE9-B25B-408B-AF95-935EEA02A6E9}"
EndProject
Project("{9A19103F-16F7-4668-BE54-9A1E7A4F7556}") = "EdfBrowser.Services", "EdfBrowser.Services\EdfBrowser.Services.csproj", "{A8EEAA9D-8713-4345-B9D1-0A643DAC0BE3}"
EndProject
Project("{2150E333-8FDC-42A3-9474-1A3956D46DE8}") = "libs", "libs", "{589BEFD2-CA8B-4DE1-BE1F-85E5D9D517B7}"
EndProject
Project("{9A19103F-16F7-4668-BE54-9A1E7A4F7556}") = "EdfBrowser.EdfParser", "EdfBrowser.EdfParser\EdfBrowser.EdfParser.csproj", "{06679998-CB18-4683-95B7-CD0530C9DA4F}"
EndProject
Project("{9A19103F-16F7-4668-BE54-9A1E7A4F7556}") = "EdfBrowser.CustomControl", "EdfBrowser.CustomControl\EdfBrowser.CustomControl.csproj", "{AC4E2B22-A819-42FB-A63C-83458ABAB9D5}"
EndProject
Project("{9A19103F-16F7-4668-BE54-9A1E7A4F7556}") = "Plot.WinForm", "external\Plot\Plot.WinForm\Plot.WinForm.csproj", "{5DE6881F-C1FD-43C6-A2F2-A990ADF940EB}"
EndProject
Project("{9A19103F-16F7-4668-BE54-9A1E7A4F7556}") = "Plot.Skia", "external\Plot\Plot.Skia\Plot.Skia.csproj", "{5D88617F-292F-40D0-A1D7-8469BDE1922C}"
EndProject
Project("{8BC9CEB8-8B4A-11D0-8D11-00A0C91BC942}") = "Edflib", "external\Edflib\Edflib.vcxproj", "{E76EFFA3-5612-47BA-83BD-325329D1D534}"
EndProject
Project("{9A19103F-16F7-4668-BE54-9A1E7A4F7556}") = "EdfBrowser.Model", "EdfBrowser.Model\EdfBrowser.Model.csproj", "{9543D88B-FFE7-4203-9D4D-D7BACA892120}"
EndProject
Global
	GlobalSection(SolutionConfigurationPlatforms) = preSolution
		Debug|Any CPU = Debug|Any CPU
		Debug|x64 = Debug|x64
		Debug|x86 = Debug|x86
		Release|Any CPU = Release|Any CPU
		Release|x64 = Release|x64
		Release|x86 = Release|x86
	EndGlobalSection
	GlobalSection(ProjectConfigurationPlatforms) = postSolution
		{F8292EE9-B25B-408B-AF95-935EEA02A6E9}.Debug|Any CPU.ActiveCfg = Debug|Any CPU
		{F8292EE9-B25B-408B-AF95-935EEA02A6E9}.Debug|Any CPU.Build.0 = Debug|Any CPU
		{F8292EE9-B25B-408B-AF95-935EEA02A6E9}.Debug|x64.ActiveCfg = Debug|Any CPU
		{F8292EE9-B25B-408B-AF95-935EEA02A6E9}.Debug|x64.Build.0 = Debug|Any CPU
		{F8292EE9-B25B-408B-AF95-935EEA02A6E9}.Debug|x86.ActiveCfg = Debug|Any CPU
		{F8292EE9-B25B-408B-AF95-935EEA02A6E9}.Debug|x86.Build.0 = Debug|Any CPU
		{F8292EE9-B25B-408B-AF95-935EEA02A6E9}.Release|Any CPU.ActiveCfg = Release|Any CPU
		{F8292EE9-B25B-408B-AF95-935EEA02A6E9}.Release|Any CPU.Build.0 = Release|Any CPU
		{F8292EE9-B25B-408B-AF95-935EEA02A6E9}.Release|x64.ActiveCfg = Release|Any CPU
		{F8292EE9-B25B-408B-AF95-935EEA02A6E9}.Release|x64.Build.0 = Release|Any CPU
		{F8292EE9-B25B-408B-AF95-935EEA02A6E9}.Release|x86.ActiveCfg = Release|Any CPU
		{F8292EE9-B25B-408B-AF95-935EEA02A6E9}.Release|x86.Build.0 = Release|Any CPU
		{A8EEAA9D-8713-4345-B9D1-0A643DAC0BE3}.Debug|Any CPU.ActiveCfg = Debug|Any CPU
		{A8EEAA9D-8713-4345-B9D1-0A643DAC0BE3}.Debug|Any CPU.Build.0 = Debug|Any CPU
		{A8EEAA9D-8713-4345-B9D1-0A643DAC0BE3}.Debug|x64.ActiveCfg = Debug|Any CPU
		{A8EEAA9D-8713-4345-B9D1-0A643DAC0BE3}.Debug|x64.Build.0 = Debug|Any CPU
		{A8EEAA9D-8713-4345-B9D1-0A643DAC0BE3}.Debug|x86.ActiveCfg = Debug|Any CPU
		{A8EEAA9D-8713-4345-B9D1-0A643DAC0BE3}.Debug|x86.Build.0 = Debug|Any CPU
		{A8EEAA9D-8713-4345-B9D1-0A643DAC0BE3}.Release|Any CPU.ActiveCfg = Release|Any CPU
		{A8EEAA9D-8713-4345-B9D1-0A643DAC0BE3}.Release|Any CPU.Build.0 = Release|Any CPU
		{A8EEAA9D-8713-4345-B9D1-0A643DAC0BE3}.Release|x64.ActiveCfg = Release|Any CPU
		{A8EEAA9D-8713-4345-B9D1-0A643DAC0BE3}.Release|x64.Build.0 = Release|Any CPU
		{A8EEAA9D-8713-4345-B9D1-0A643DAC0BE3}.Release|x86.ActiveCfg = Release|Any CPU
		{A8EEAA9D-8713-4345-B9D1-0A643DAC0BE3}.Release|x86.Build.0 = Release|Any CPU
		{06679998-CB18-4683-95B7-CD0530C9DA4F}.Debug|Any CPU.ActiveCfg = Debug|Any CPU
		{06679998-CB18-4683-95B7-CD0530C9DA4F}.Debug|Any CPU.Build.0 = Debug|Any CPU
		{06679998-CB18-4683-95B7-CD0530C9DA4F}.Debug|x64.ActiveCfg = Debug|Any CPU
		{06679998-CB18-4683-95B7-CD0530C9DA4F}.Debug|x64.Build.0 = Debug|Any CPU
		{06679998-CB18-4683-95B7-CD0530C9DA4F}.Debug|x86.ActiveCfg = Debug|Any CPU
		{06679998-CB18-4683-95B7-CD0530C9DA4F}.Debug|x86.Build.0 = Debug|Any CPU
		{06679998-CB18-4683-95B7-CD0530C9DA4F}.Release|Any CPU.ActiveCfg = Release|Any CPU
		{06679998-CB18-4683-95B7-CD0530C9DA4F}.Release|Any CPU.Build.0 = Release|Any CPU
		{06679998-CB18-4683-95B7-CD0530C9DA4F}.Release|x64.ActiveCfg = Release|Any CPU
		{06679998-CB18-4683-95B7-CD0530C9DA4F}.Release|x64.Build.0 = Release|Any CPU
		{06679998-CB18-4683-95B7-CD0530C9DA4F}.Release|x86.ActiveCfg = Release|Any CPU
		{06679998-CB18-4683-95B7-CD0530C9DA4F}.Release|x86.Build.0 = Release|Any CPU
		{AC4E2B22-A819-42FB-A63C-83458ABAB9D5}.Debug|Any CPU.ActiveCfg = Debug|Any CPU
		{AC4E2B22-A819-42FB-A63C-83458ABAB9D5}.Debug|Any CPU.Build.0 = Debug|Any CPU
		{AC4E2B22-A819-42FB-A63C-83458ABAB9D5}.Debug|x64.ActiveCfg = Debug|Any CPU
		{AC4E2B22-A819-42FB-A63C-83458ABAB9D5}.Debug|x64.Build.0 = Debug|Any CPU
		{AC4E2B22-A819-42FB-A63C-83458ABAB9D5}.Debug|x86.ActiveCfg = Debug|Any CPU
		{AC4E2B22-A819-42FB-A63C-83458ABAB9D5}.Debug|x86.Build.0 = Debug|Any CPU
		{AC4E2B22-A819-42FB-A63C-83458ABAB9D5}.Release|Any CPU.ActiveCfg = Release|Any CPU
		{AC4E2B22-A819-42FB-A63C-83458ABAB9D5}.Release|Any CPU.Build.0 = Release|Any CPU
		{AC4E2B22-A819-42FB-A63C-83458ABAB9D5}.Release|x64.ActiveCfg = Release|Any CPU
		{AC4E2B22-A819-42FB-A63C-83458ABAB9D5}.Release|x64.Build.0 = Release|Any CPU
		{AC4E2B22-A819-42FB-A63C-83458ABAB9D5}.Release|x86.ActiveCfg = Release|Any CPU
		{AC4E2B22-A819-42FB-A63C-83458ABAB9D5}.Release|x86.Build.0 = Release|Any CPU
		{5DE6881F-C1FD-43C6-A2F2-A990ADF940EB}.Debug|Any CPU.ActiveCfg = Debug|Any CPU
		{5DE6881F-C1FD-43C6-A2F2-A990ADF940EB}.Debug|Any CPU.Build.0 = Debug|Any CPU
		{5DE6881F-C1FD-43C6-A2F2-A990ADF940EB}.Debug|x64.ActiveCfg = Debug|Any CPU
		{5DE6881F-C1FD-43C6-A2F2-A990ADF940EB}.Debug|x64.Build.0 = Debug|Any CPU
		{5DE6881F-C1FD-43C6-A2F2-A990ADF940EB}.Debug|x86.ActiveCfg = Debug|Any CPU
		{5DE6881F-C1FD-43C6-A2F2-A990ADF940EB}.Debug|x86.Build.0 = Debug|Any CPU
		{5DE6881F-C1FD-43C6-A2F2-A990ADF940EB}.Release|Any CPU.ActiveCfg = Release|Any CPU
		{5DE6881F-C1FD-43C6-A2F2-A990ADF940EB}.Release|Any CPU.Build.0 = Release|Any CPU
		{5DE6881F-C1FD-43C6-A2F2-A990ADF940EB}.Release|x64.ActiveCfg = Release|Any CPU
		{5DE6881F-C1FD-43C6-A2F2-A990ADF940EB}.Release|x64.Build.0 = Release|Any CPU
		{5DE6881F-C1FD-43C6-A2F2-A990ADF940EB}.Release|x86.ActiveCfg = Release|Any CPU
		{5DE6881F-C1FD-43C6-A2F2-A990ADF940EB}.Release|x86.Build.0 = Release|Any CPU
		{5D88617F-292F-40D0-A1D7-8469BDE1922C}.Debug|Any CPU.ActiveCfg = Debug|Any CPU
		{5D88617F-292F-40D0-A1D7-8469BDE1922C}.Debug|Any CPU.Build.0 = Debug|Any CPU
		{5D88617F-292F-40D0-A1D7-8469BDE1922C}.Debug|x64.ActiveCfg = Debug|Any CPU
		{5D88617F-292F-40D0-A1D7-8469BDE1922C}.Debug|x64.Build.0 = Debug|Any CPU
		{5D88617F-292F-40D0-A1D7-8469BDE1922C}.Debug|x86.ActiveCfg = Debug|Any CPU
		{5D88617F-292F-40D0-A1D7-8469BDE1922C}.Debug|x86.Build.0 = Debug|Any CPU
		{5D88617F-292F-40D0-A1D7-8469BDE1922C}.Release|Any CPU.ActiveCfg = Release|Any CPU
		{5D88617F-292F-40D0-A1D7-8469BDE1922C}.Release|Any CPU.Build.0 = Release|Any CPU
		{5D88617F-292F-40D0-A1D7-8469BDE1922C}.Release|x64.ActiveCfg = Release|Any CPU
		{5D88617F-292F-40D0-A1D7-8469BDE1922C}.Release|x64.Build.0 = Release|Any CPU
		{5D88617F-292F-40D0-A1D7-8469BDE1922C}.Release|x86.ActiveCfg = Release|Any CPU
		{5D88617F-292F-40D0-A1D7-8469BDE1922C}.Release|x86.Build.0 = Release|Any CPU
		{E76EFFA3-5612-47BA-83BD-325329D1D534}.Debug|Any CPU.ActiveCfg = Debug|x64
		{E76EFFA3-5612-47BA-83BD-325329D1D534}.Debug|Any CPU.Build.0 = Debug|x64
		{E76EFFA3-5612-47BA-83BD-325329D1D534}.Debug|x64.ActiveCfg = Debug|x64
		{E76EFFA3-5612-47BA-83BD-325329D1D534}.Debug|x64.Build.0 = Debug|x64
		{E76EFFA3-5612-47BA-83BD-325329D1D534}.Debug|x86.ActiveCfg = Debug|Win32
		{E76EFFA3-5612-47BA-83BD-325329D1D534}.Debug|x86.Build.0 = Debug|Win32
		{E76EFFA3-5612-47BA-83BD-325329D1D534}.Release|Any CPU.ActiveCfg = Release|x64
		{E76EFFA3-5612-47BA-83BD-325329D1D534}.Release|Any CPU.Build.0 = Release|x64
		{E76EFFA3-5612-47BA-83BD-325329D1D534}.Release|x64.ActiveCfg = Release|x64
		{E76EFFA3-5612-47BA-83BD-325329D1D534}.Release|x64.Build.0 = Release|x64
		{E76EFFA3-5612-47BA-83BD-325329D1D534}.Release|x86.ActiveCfg = Release|Win32
		{E76EFFA3-5612-47BA-83BD-325329D1D534}.Release|x86.Build.0 = Release|Win32
		{9543D88B-FFE7-4203-9D4D-D7BACA892120}.Debug|Any CPU.ActiveCfg = Debug|Any CPU
		{9543D88B-FFE7-4203-9D4D-D7BACA892120}.Debug|Any CPU.Build.0 = Debug|Any CPU
		{9543D88B-FFE7-4203-9D4D-D7BACA892120}.Debug|x64.ActiveCfg = Debug|Any CPU
		{9543D88B-FFE7-4203-9D4D-D7BACA892120}.Debug|x64.Build.0 = Debug|Any CPU
		{9543D88B-FFE7-4203-9D4D-D7BACA892120}.Debug|x86.ActiveCfg = Debug|Any CPU
		{9543D88B-FFE7-4203-9D4D-D7BACA892120}.Debug|x86.Build.0 = Debug|Any CPU
		{9543D88B-FFE7-4203-9D4D-D7BACA892120}.Release|Any CPU.ActiveCfg = Release|Any CPU
		{9543D88B-FFE7-4203-9D4D-D7BACA892120}.Release|Any CPU.Build.0 = Release|Any CPU
		{9543D88B-FFE7-4203-9D4D-D7BACA892120}.Release|x64.ActiveCfg = Release|Any CPU
		{9543D88B-FFE7-4203-9D4D-D7BACA892120}.Release|x64.Build.0 = Release|Any CPU
		{9543D88B-FFE7-4203-9D4D-D7BACA892120}.Release|x86.ActiveCfg = Release|Any CPU
		{9543D88B-FFE7-4203-9D4D-D7BACA892120}.Release|x86.Build.0 = Release|Any CPU
	EndGlobalSection
	GlobalSection(SolutionProperties) = preSolution
		HideSolutionNode = FALSE
	EndGlobalSection
	GlobalSection(NestedProjects) = preSolution
		{A8EEAA9D-8713-4345-B9D1-0A643DAC0BE3} = {589BEFD2-CA8B-4DE1-BE1F-85E5D9D517B7}
		{06679998-CB18-4683-95B7-CD0530C9DA4F} = {589BEFD2-CA8B-4DE1-BE1F-85E5D9D517B7}
		{AC4E2B22-A819-42FB-A63C-83458ABAB9D5} = {589BEFD2-CA8B-4DE1-BE1F-85E5D9D517B7}
		{5DE6881F-C1FD-43C6-A2F2-A990ADF940EB} = {589BEFD2-CA8B-4DE1-BE1F-85E5D9D517B7}
		{5D88617F-292F-40D0-A1D7-8469BDE1922C} = {589BEFD2-CA8B-4DE1-BE1F-85E5D9D517B7}
		{E76EFFA3-5612-47BA-83BD-325329D1D534} = {589BEFD2-CA8B-4DE1-BE1F-85E5D9D517B7}
		{9543D88B-FFE7-4203-9D4D-D7BACA892120} = {589BEFD2-CA8B-4DE1-BE1F-85E5D9D517B7}
	EndGlobalSection
	GlobalSection(ExtensibilityGlobals) = postSolution
		SolutionGuid = {D0E2EB66-8212-498C-BA6C-63635E186223}
	EndGlobalSection
EndGlobal
